
Microsoft Visual Studio Solution File, Format Version 12.00
# Visual Studio Version 16
VisualStudioVersion = 16.0.31507.150
MinimumVisualStudioVersion = 10.0.40219.1
Project("{FAE04EC0-301F-11D3-BF4B-00C04F79EFBC}") = "ConsoleAPIClient.Net", "ConsoleAPIClient\ConsoleAPIClient.Net.csproj", "{5D45A37E-7456-49FC-BB78-E06F2719BEA1}"
EndProject
Project("{FAE04EC0-301F-11D3-BF4B-00C04F79EFBC}") = "ConsoleAPIClient.RestSharp", "ConsoleAPIClient.RestSharp\ConsoleAPIClient.RestSharp.csproj", "{F29E8A6A-F7A5-4E11-9703-678F7A4CC6CA}"
EndProject
Global
	GlobalSection(SolutionConfigurationPlatforms) = preSolution
		Debug|Any CPU = Debug|Any CPU
		Release|Any CPU = Release|Any CPU
	EndGlobalSection
	GlobalSection(ProjectConfigurationPlatforms) = postSolution
		{5D45A37E-7456-49FC-BB78-E06F2719BEA1}.Debug|Any CPU.ActiveCfg = Debug|Any CPU
		{5D45A37E-7456-49FC-BB78-E06F2719BEA1}.Debug|Any CPU.Build.0 = Debug|Any CPU
		{5D45A37E-7456-49FC-BB78-E06F2719BEA1}.Release|Any CPU.ActiveCfg = Release|Any CPU
		{5D45A37E-7456-49FC-BB78-E06F2719BEA1}.Release|Any CPU.Build.0 = Release|Any CPU
		{F29E8A6A-F7A5-4E11-9703-678F7A4CC6CA}.Debug|Any CPU.ActiveCfg = Debug|Any CPU
		{F29E8A6A-F7A5-4E11-9703-678F7A4CC6CA}.Debug|Any CPU.Build.0 = Debug|Any CPU
		{F29E8A6A-F7A5-4E11-9703-678F7A4CC6CA}.Release|Any CPU.ActiveCfg = Release|Any CPU
		{F29E8A6A-F7A5-4E11-9703-678F7A4CC6CA}.Release|Any CPU.Build.0 = Release|Any CPU
	EndGlobalSection
	GlobalSection(SolutionProperties) = preSolution
		HideSolutionNode = FALSE
	EndGlobalSection
	GlobalSection(ExtensibilityGlobals) = postSolution
		SolutionGuid = {5F594184-1CA7-4EEE-8FB5-8D4F89C58EB0}
	EndGlobalSection
EndGlobal
